# THIS IS AN AUTOGENERATED FILE. DO NOT EDIT THIS FILE DIRECTLY.
# yarn lockfile v1


pnpm@^7.0.1:
  version "7.0.1"
  resolved "https://registry.npmmirror.com/pnpm/-/pnpm-7.0.1.tgz#f3b5039dda62f0498a214b4fc8d872336c4b262d"
  integrity sha512-jDXatNQpx+KYoCg0sSEBj4ryS8dIfo05TkhH5GOyi0ClhmkdmdHr2PgbReQyzZzuQpKWefCAvwOB8PxE1tgQNg==

typescript@^4.6.4:
  version "4.6.4"
  resolved "https://registry.npmmirror.com/typescript/-/typescript-4.6.4.tgz#caa78bbc3a59e6a5c510d35703f6a09877ce45e9"
  integrity sha512-9ia/jWHIEbo49HfjrLGfKbZSuWo9iTMwXO+Ca3pRsSpbsMbc7/IU8NKdCZVRRBafVPGnoJeFL76ZOAA84I9fEg==
